dependencies:
- name: argo-cd
  repository: ""
  version: 5.16.6
- name: argo-rollouts
  repository: ""
  version: 2.21.1
- name: argo-workflows
  repository: ""
  version: 0.16.8
- name: argo-events
  repository: ""
  version: 2.0.3
- name: argocd-image-updater
  repository: ""
  version: 0.8.0
- name: openldap
  repository: ""
  version: 1.2.3
- name: elasticsearch
  repository: ""
  version: 7.5.0
- name: kibana
  repository: ""
  version: 7.5.0
- name: fluent-bit
  repository: ""
  version: 2.8.2
- name: prometheus
  repository: ""
  version: 11.16.2
- name: ingress-nginx
  repository: ""
  version: 4.1.4
- name: redis
  repository: ""
  version: 10.5.3
- name: minio
  repository: ""
  version: 8.0.9
- name: keycloak
  repository: ""
  version: 18.4.0
digest: sha256:7bab05f458d45d5318c65b68aac2ff81104a63778491a0a324abc63b36ff0d62
generated: "2023-02-08T11:48:42.721867421+05:30"
